
Microsoft Visual Studio Solution File, Format Version 12.00
# Visual Studio 15
VisualStudioVersion = 15.0.27130.2010
MinimumVisualStudioVersion = 10.0.40219.1
Project("{9A19103F-16F7-4668-BE54-9A1E7A4F7556}") = "GroboContainer", "GroboContainer\GroboContainer.csproj", "{CC77DB07-838E-4C66-B1A0-498FB0F089CD}"
EndProject
Project("{9A19103F-16F7-4668-BE54-9A1E7A4F7556}") = "GroboContainer.Tests", "GroboContainer.Tests\GroboContainer.Tests.csproj", "{9EE7D954-2988-409B-AD8A-F83561274C2E}"
EndProject
Global
	GlobalSection(SolutionConfigurationPlatforms) = preSolution
		Debug|Any CPU = Debug|Any CPU
		Release|Any CPU = Release|Any CPU
	EndGlobalSection
	GlobalSection(ProjectConfigurationPlatforms) = postSolution
		{CC77DB07-838E-4C66-B1A0-498FB0F089CD}.Debug|Any CPU.ActiveCfg = Debug|Any CPU
		{CC77DB07-838E-4C66-B1A0-498FB0F089CD}.Debug|Any CPU.Build.0 = Debug|Any CPU
		{CC77DB07-838E-4C66-B1A0-498FB0F089CD}.Release|Any CPU.ActiveCfg = Release|Any CPU
		{CC77DB07-838E-4C66-B1A0-498FB0F089CD}.Release|Any CPU.Build.0 = Release|Any CPU
		{9EE7D954-2988-409B-AD8A-F83561274C2E}.Debug|Any CPU.ActiveCfg = Debug|Any CPU
		{9EE7D954-2988-409B-AD8A-F83561274C2E}.Debug|Any CPU.Build.0 = Debug|Any CPU
		{9EE7D954-2988-409B-AD8A-F83561274C2E}.Release|Any CPU.ActiveCfg = Release|Any CPU
		{9EE7D954-2988-409B-AD8A-F83561274C2E}.Release|Any CPU.Build.0 = Release|Any CPU
	EndGlobalSection
	GlobalSection(SolutionProperties) = preSolution
		HideSolutionNode = FALSE
	EndGlobalSection
	GlobalSection(ExtensibilityGlobals) = postSolution
		SolutionGuid = {B29BE2B8-C83A-4F0B-BB77-D928292A9227}
	EndGlobalSection
EndGlobal
